
Microsoft Visual Studio Solution File, Format Version 12.00
# Visual Studio Version 17
VisualStudioVersion = 17.5.002.0
MinimumVisualStudioVersion = 10.0.40219.1
Project("{2150E333-8FDC-42A3-9474-1A3956D46DE8}") = "src", "src", "{96F73F74-E33F-438A-B71E-92A40DB9092D}"
EndProject
Project("{9A19103F-16F7-4668-BE54-9A1E7A4F7556}") = "WpfApp", "src\WpfApp\WpfApp.csproj", "{0DC5CE4E-E282-4AF3-B638-9C1620E36437}"
EndProject
Global
	GlobalSection(SolutionConfigurationPlatforms) = preSolution
		Debug|Any CPU = Debug|Any CPU
		Release|Any CPU = Release|Any CPU
	EndGlobalSection
	GlobalSection(ProjectConfigurationPlatforms) = postSolution
		{0DC5CE4E-E282-4AF3-B638-9C1620E36437}.Debug|Any CPU.ActiveCfg = Debug|Any CPU
		{0DC5CE4E-E282-4AF3-B638-9C1620E36437}.Debug|Any CPU.Build.0 = Debug|Any CPU
		{0DC5CE4E-E282-4AF3-B638-9C1620E36437}.Release|Any CPU.ActiveCfg = Release|Any CPU
		{0DC5CE4E-E282-4AF3-B638-9C1620E36437}.Release|Any CPU.Build.0 = Release|Any CPU
	EndGlobalSection
	GlobalSection(SolutionProperties) = preSolution
		HideSolutionNode = FALSE
	EndGlobalSection
	GlobalSection(NestedProjects) = preSolution
		{0DC5CE4E-E282-4AF3-B638-9C1620E36437} = {96F73F74-E33F-438A-B71E-92A40DB9092D}
	EndGlobalSection
	GlobalSection(ExtensibilityGlobals) = postSolution
		SolutionGuid = {A9C5ACFD-4649-40C3-A9B7-3878582A670F}
	EndGlobalSection
EndGlobal
